// !$*UTF8*$!
{
	archiveVersion = 1;
	classes = {
	};
	objectVersion = 56;
	objects = {

/* Begin PBXBuildFile section */
		43C7263C29FAF3410068C9A8 /* TransformCurrency.swift in Sources */ = {isa = PBXBuildFile; fileRef = 43C7263829FAF3410068C9A8 /* TransformCurrency.swift */; };
		43C7263D29FAF3410068C9A8 /* EnumError.swift in Sources */ = {isa = PBXBuildFile; fileRef = 43C7263929FAF3410068C9A8 /* EnumError.swift */; };
		43C7263E29FAF3410068C9A8 /* ExchangeCurrency.swift in Sources */ = {isa = PBXBuildFile; fileRef = 43C7263A29FAF3410068C9A8 /* ExchangeCurrency.swift */; };
		43C7263F29FAF3410068C9A8 /* CurrencyModel.swift in Sources */ = {isa = PBXBuildFile; fileRef = 43C7263B29FAF3410068C9A8 /* CurrencyModel.swift */; };
		43C7264229FAF36B0068C9A8 /* NetworkManager.swift in Sources */ = {isa = PBXBuildFile; fileRef = 43C7264129FAF36A0068C9A8 /* NetworkManager.swift */; };
		43C7264429FAF3920068C9A8 /* Resources.swift in Sources */ = {isa = PBXBuildFile; fileRef = 43C7264329FAF3920068C9A8 /* Resources.swift */; };
		43C7264729FAF3B30068C9A8 /* CurrencyCell.swift in Sources */ = {isa = PBXBuildFile; fileRef = 43C7264529FAF3B20068C9A8 /* CurrencyCell.swift */; };
		43C7264829FAF3B30068C9A8 /* CurrencyViewController.swift in Sources */ = {isa = PBXBuildFile; fileRef = 43C7264629FAF3B20068C9A8 /* CurrencyViewController.swift */; };
		5886124429F6700700B0C35B /* AppDelegate.swift in Sources */ = {isa = PBXBuildFile; fileRef = 5886124329F6700700B0C35B /* AppDelegate.swift */; };
		5886124629F6700700B0C35B /* SceneDelegate.swift in Sources */ = {isa = PBXBuildFile; fileRef = 5886124529F6700700B0C35B /* SceneDelegate.swift */; };
		5886124829F6700700B0C35B /* StartViewController.swift in Sources */ = {isa = PBXBuildFile; fileRef = 5886124729F6700700B0C35B /* StartViewController.swift */; };
		5886124E29F6700700B0C35B /* CurrencyConverter.xcdatamodeld in Sources */ = {isa = PBXBuildFile; fileRef = 5886124C29F6700700B0C35B /* CurrencyConverter.xcdatamodeld */; };
		5886125029F6700A00B0C35B /* Assets.xcassets in Resources */ = {isa = PBXBuildFile; fileRef = 5886124F29F6700A00B0C35B /* Assets.xcassets */; };
		5886125329F6700A00B0C35B /* LaunchScreen.storyboard in Resources */ = {isa = PBXBuildFile; fileRef = 5886125129F6700A00B0C35B /* LaunchScreen.storyboard */; };
		5886125E29F6700B00B0C35B /* CurrencyConverterTests.swift in Sources */ = {isa = PBXBuildFile; fileRef = 5886125D29F6700B00B0C35B /* CurrencyConverterTests.swift */; };
		5886126829F6700B00B0C35B /* CurrencyConverterUITests.swift in Sources */ = {isa = PBXBuildFile; fileRef = 5886126729F6700B00B0C35B /* CurrencyConverterUITests.swift */; };
		5886126A29F6700B00B0C35B /* CurrencyConverterUITestsLaunchTests.swift in Sources */ = {isa = PBXBuildFile; fileRef = 5886126929F6700B00B0C35B /* CurrencyConverterUITestsLaunchTests.swift */; };
		5886128329F7F91600B0C35B /* CurrencyView.swift in Sources */ = {isa = PBXBuildFile; fileRef = 5886128229F7F91600B0C35B /* CurrencyView.swift */; };
/* End PBXBuildFile section */

/* Begin PBXContainerItemProxy section */
		5886125A29F6700B00B0C35B /* PBXContainerItemProxy */ = {
			isa = PBXContainerItemProxy;
			containerPortal = 5886123829F6700700B0C35B /* Project object */;
			proxyType = 1;
			remoteGlobalIDString = 5886123F29F6700700B0C35B;
			remoteInfo = CurrencyConverter;
		};
		5886126429F6700B00B0C35B /* PBXContainerItemProxy */ = {
			isa = PBXContainerItemProxy;
			containerPortal = 5886123829F6700700B0C35B /* Project object */;
			proxyType = 1;
			remoteGlobalIDString = 5886123F29F6700700B0C35B;
			remoteInfo = CurrencyConverter;
		};
/* End PBXContainerItemProxy section */

/* Begin PBXFileReference section */
		43C7263829FAF3410068C9A8 /* TransformCurrency.swift */ = {isa = PBXFileReference; fileEncoding = 4; lastKnownFileType = sourcecode.swift; path = TransformCurrency.swift; sourceTree = "<group>"; };
		43C7263929FAF3410068C9A8 /* EnumError.swift */ = {isa = PBXFileReference; fileEncoding = 4; lastKnownFileType = sourcecode.swift; path = EnumError.swift; sourceTree = "<group>"; };
		43C7263A29FAF3410068C9A8 /* ExchangeCurrency.swift */ = {isa = PBXFileReference; fileEncoding = 4; lastKnownFileType = sourcecode.swift; path = ExchangeCurrency.swift; sourceTree = "<group>"; };
		43C7263B29FAF3410068C9A8 /* CurrencyModel.swift */ = {isa = PBXFileReference; fileEncoding = 4; lastKnownFileType = sourcecode.swift; path = CurrencyModel.swift; sourceTree = "<group>"; };
		43C7264129FAF36A0068C9A8 /* NetworkManager.swift */ = {isa = PBXFileReference; fileEncoding = 4; lastKnownFileType = sourcecode.swift; path = NetworkManager.swift; sourceTree = "<group>"; };
		43C7264329FAF3920068C9A8 /* Resources.swift */ = {isa = PBXFileReference; fileEncoding = 4; lastKnownFileType = sourcecode.swift; path = Resources.swift; sourceTree = "<group>"; };
		43C7264529FAF3B20068C9A8 /* CurrencyCell.swift */ = {isa = PBXFileReference; fileEncoding = 4; lastKnownFileType = sourcecode.swift; path = CurrencyCell.swift; sourceTree = "<group>"; };
		43C7264629FAF3B20068C9A8 /* CurrencyViewController.swift */ = {isa = PBXFileReference; fileEncoding = 4; lastKnownFileType = sourcecode.swift; path = CurrencyViewController.swift; sourceTree = "<group>"; };
		5886124029F6700700B0C35B /* CurrencyConverter.app */ = {isa = PBXFileReference; explicitFileType = wrapper.application; includeInIndex = 0; path = CurrencyConverter.app; sourceTree = BUILT_PRODUCTS_DIR; };
		5886124329F6700700B0C35B /* AppDelegate.swift */ = {isa = PBXFileReference; lastKnownFileType = sourcecode.swift; path = AppDelegate.swift; sourceTree = "<group>"; };
		5886124529F6700700B0C35B /* SceneDelegate.swift */ = {isa = PBXFileReference; lastKnownFileType = sourcecode.swift; path = SceneDelegate.swift; sourceTree = "<group>"; };
		5886124729F6700700B0C35B /* StartViewController.swift */ = {isa = PBXFileReference; lastKnownFileType = sourcecode.swift; path = StartViewController.swift; sourceTree = "<group>"; };
		5886124D29F6700700B0C35B /* CurrencyConverter.xcdatamodel */ = {isa = PBXFileReference; lastKnownFileType = wrapper.xcdatamodel; path = CurrencyConverter.xcdatamodel; sourceTree = "<group>"; };
		5886124F29F6700A00B0C35B /* Assets.xcassets */ = {isa = PBXFileReference; lastKnownFileType = folder.assetcatalog; path = Assets.xcassets; sourceTree = "<group>"; };
		5886125229F6700A00B0C35B /* Base */ = {isa = PBXFileReference; lastKnownFileType = file.storyboard; name = Base; path = Base.lproj/LaunchScreen.storyboard; sourceTree = "<group>"; };
		5886125429F6700A00B0C35B /* Info.plist */ = {isa = PBXFileReference; lastKnownFileType = text.plist.xml; path = Info.plist; sourceTree = "<group>"; };
		5886125929F6700B00B0C35B /* CurrencyConverterTests.xctest */ = {isa = PBXFileReference; explicitFileType = wrapper.cfbundle; includeInIndex = 0; path = CurrencyConverterTests.xctest; sourceTree = BUILT_PRODUCTS_DIR; };
		5886125D29F6700B00B0C35B /* CurrencyConverterTests.swift */ = {isa = PBXFileReference; lastKnownFileType = sourcecode.swift; path = CurrencyConverterTests.swift; sourceTree = "<group>"; };
		5886126329F6700B00B0C35B /* CurrencyConverterUITests.xctest */ = {isa = PBXFileReference; explicitFileType = wrapper.cfbundle; includeInIndex = 0; path = CurrencyConverterUITests.xctest; sourceTree = BUILT_PRODUCTS_DIR; };
		5886126729F6700B00B0C35B /* CurrencyConverterUITests.swift */ = {isa = PBXFileReference; lastKnownFileType = sourcecode.swift; path = CurrencyConverterUITests.swift; sourceTree = "<group>"; };
		5886126929F6700B00B0C35B /* CurrencyConverterUITestsLaunchTests.swift */ = {isa = PBXFileReference; lastKnownFileType = sourcecode.swift; path = CurrencyConverterUITestsLaunchTests.swift; sourceTree = "<group>"; };
		5886128229F7F91600B0C35B /* CurrencyView.swift */ = {isa = PBXFileReference; lastKnownFileType = sourcecode.swift; path = CurrencyView.swift; sourceTree = "<group>"; };
/* End PBXFileReference section */

/* Begin PBXFrameworksBuildPhase section */
		5886123D29F6700700B0C35B /* Frameworks */ = {
			isa = PBXFrameworksBuildPhase;
			buildActionMask = 2147483647;
			files = (
			);
			runOnlyForDeploymentPostprocessing = 0;
		};
		5886125629F6700B00B0C35B /* Frameworks */ = {
			isa = PBXFrameworksBuildPhase;
			buildActionMask = 2147483647;
			files = (
			);
			runOnlyForDeploymentPostprocessing = 0;
		};
		5886126029F6700B00B0C35B /* Frameworks */ = {
			isa = PBXFrameworksBuildPhase;
			buildActionMask = 2147483647;
			files = (
			);
			runOnlyForDeploymentPostprocessing = 0;
		};
/* End PBXFrameworksBuildPhase section */

/* Begin PBXGroup section */
		43C7263729FAF3410068C9A8 /* Model */ = {
			isa = PBXGroup;
			children = (
				43C7263829FAF3410068C9A8 /* TransformCurrency.swift */,
				43C7263929FAF3410068C9A8 /* EnumError.swift */,
				43C7263A29FAF3410068C9A8 /* ExchangeCurrency.swift */,
				43C7263B29FAF3410068C9A8 /* CurrencyModel.swift */,
			);
			path = Model;
			sourceTree = "<group>";
		};
		43C7264029FAF36A0068C9A8 /* NetworkManagers */ = {
			isa = PBXGroup;
			children = (
				43C7264129FAF36A0068C9A8 /* NetworkManager.swift */,
			);
			path = NetworkManagers;
			sourceTree = "<group>";
		};
		43C7264A29FAF3D60068C9A8 /* Cells */ = {
			isa = PBXGroup;
			children = (
				43C7264529FAF3B20068C9A8 /* CurrencyCell.swift */,
			);
			path = Cells;
			sourceTree = "<group>";
		};
		5886123729F6700700B0C35B = {
			isa = PBXGroup;
			children = (
				5886124229F6700700B0C35B /* CurrencyConverter */,
				5886125C29F6700B00B0C35B /* CurrencyConverterTests */,
				5886126629F6700B00B0C35B /* CurrencyConverterUITests */,
				5886124129F6700700B0C35B /* Products */,
			);
			sourceTree = "<group>";
		};
		5886124129F6700700B0C35B /* Products */ = {
			isa = PBXGroup;
			children = (
				5886124029F6700700B0C35B /* CurrencyConverter.app */,
				5886125929F6700B00B0C35B /* CurrencyConverterTests.xctest */,
				5886126329F6700B00B0C35B /* CurrencyConverterUITests.xctest */,
			);
			name = Products;
			sourceTree = "<group>";
		};
		5886124229F6700700B0C35B /* CurrencyConverter */ = {
			isa = PBXGroup;
			children = (
				5886127629F67A2600B0C35B /* Applications */,
				5886127729F67A8700B0C35B /* ViewControllers */,
				43C7263729FAF3410068C9A8 /* Model */,
				43C7264029FAF36A0068C9A8 /* NetworkManagers */,
				5886127F29F7F86300B0C35B /* Views */,
				5886127929F67EB000B0C35B /* CoreData */,
				5886127829F67ACB00B0C35B /* Resources */,
			);
			path = CurrencyConverter;
			sourceTree = "<group>";
		};
		5886125C29F6700B00B0C35B /* CurrencyConverterTests */ = {
			isa = PBXGroup;
			children = (
				5886125D29F6700B00B0C35B /* CurrencyConverterTests.swift */,
			);
			path = CurrencyConverterTests;
			sourceTree = "<group>";
		};
		5886126629F6700B00B0C35B /* CurrencyConverterUITests */ = {
			isa = PBXGroup;
			children = (
				5886126729F6700B00B0C35B /* CurrencyConverterUITests.swift */,
				5886126929F6700B00B0C35B /* CurrencyConverterUITestsLaunchTests.swift */,
			);
			path = CurrencyConverterUITests;
			sourceTree = "<group>";
		};
		5886127629F67A2600B0C35B /* Applications */ = {
			isa = PBXGroup;
			children = (
				5886124329F6700700B0C35B /* AppDelegate.swift */,
				5886124529F6700700B0C35B /* SceneDelegate.swift */,
			);
			path = Applications;
			sourceTree = "<group>";
		};
		5886127729F67A8700B0C35B /* ViewControllers */ = {
			isa = PBXGroup;
			children = (
				5886124729F6700700B0C35B /* StartViewController.swift */,
				43C7264629FAF3B20068C9A8 /* CurrencyViewController.swift */,
			);
			path = ViewControllers;
			sourceTree = "<group>";
		};
		5886127829F67ACB00B0C35B /* Resources */ = {
			isa = PBXGroup;
			children = (
				43C7264329FAF3920068C9A8 /* Resources.swift */,
				5886125129F6700A00B0C35B /* LaunchScreen.storyboard */,
				5886124F29F6700A00B0C35B /* Assets.xcassets */,
				5886125429F6700A00B0C35B /* Info.plist */,
			);
			path = Resources;
			sourceTree = "<group>";
		};
		5886127929F67EB000B0C35B /* CoreData */ = {
			isa = PBXGroup;
			children = (
				5886124C29F6700700B0C35B /* CurrencyConverter.xcdatamodeld */,
			);
			path = CoreData;
			sourceTree = "<group>";
		};
		5886127F29F7F86300B0C35B /* Views */ = {
			isa = PBXGroup;
			children = (
				43C7264A29FAF3D60068C9A8 /* Cells */,
				5886128229F7F91600B0C35B /* CurrencyView.swift */,
			);
			path = Views;
			sourceTree = "<group>";
		};
/* End PBXGroup section */

/* Begin PBXNativeTarget section */
		5886123F29F6700700B0C35B /* CurrencyConverter */ = {
			isa = PBXNativeTarget;
			buildConfigurationList = 5886126D29F6700B00B0C35B /* Build configuration list for PBXNativeTarget "CurrencyConverter" */;
			buildPhases = (
				5886123C29F6700700B0C35B /* Sources */,
				5886123D29F6700700B0C35B /* Frameworks */,
				5886123E29F6700700B0C35B /* Resources */,
			);
			buildRules = (
			);
			dependencies = (
			);
			name = CurrencyConverter;
			productName = CurrencyConverter;
			productReference = 5886124029F6700700B0C35B /* CurrencyConverter.app */;
			productType = "com.apple.product-type.application";
		};
		5886125829F6700B00B0C35B /* CurrencyConverterTests */ = {
			isa = PBXNativeTarget;
			buildConfigurationList = 5886127029F6700B00B0C35B /* Build configuration list for PBXNativeTarget "CurrencyConverterTests" */;
			buildPhases = (
				5886125529F6700B00B0C35B /* Sources */,
				5886125629F6700B00B0C35B /* Frameworks */,
				5886125729F6700B00B0C35B /* Resources */,
			);
			buildRules = (
			);
			dependencies = (
				5886125B29F6700B00B0C35B /* PBXTargetDependency */,
			);
			name = CurrencyConverterTests;
			productName = CurrencyConverterTests;
			productReference = 5886125929F6700B00B0C35B /* CurrencyConverterTests.xctest */;
			productType = "com.apple.product-type.bundle.unit-test";
		};
		5886126229F6700B00B0C35B /* CurrencyConverterUITests */ = {
			isa = PBXNativeTarget;
			buildConfigurationList = 5886127329F6700B00B0C35B /* Build configuration list for PBXNativeTarget "CurrencyConverterUITests" */;
			buildPhases = (
				5886125F29F6700B00B0C35B /* Sources */,
				5886126029F6700B00B0C35B /* Frameworks */,
				5886126129F6700B00B0C35B /* Resources */,
			);
			buildRules = (
			);
			dependencies = (
				5886126529F6700B00B0C35B /* PBXTargetDependency */,
			);
			name = CurrencyConverterUITests;
			productName = CurrencyConverterUITests;
			productReference = 5886126329F6700B00B0C35B /* CurrencyConverterUITests.xctest */;
			productType = "com.apple.product-type.bundle.ui-testing";
		};
/* End PBXNativeTarget section */

/* Begin PBXProject section */
		5886123829F6700700B0C35B /* Project object */ = {
			isa = PBXProject;
			attributes = {
				BuildIndependentTargetsInParallel = 1;
				LastSwiftUpdateCheck = 1420;
				LastUpgradeCheck = 1420;
				TargetAttributes = {
					5886123F29F6700700B0C35B = {
						CreatedOnToolsVersion = 14.2;
					};
					5886125829F6700B00B0C35B = {
						CreatedOnToolsVersion = 14.2;
						TestTargetID = 5886123F29F6700700B0C35B;
					};
					5886126229F6700B00B0C35B = {
						CreatedOnToolsVersion = 14.2;
						TestTargetID = 5886123F29F6700700B0C35B;
					};
				};
			};
			buildConfigurationList = 5886123B29F6700700B0C35B /* Build configuration list for PBXProject "CurrencyConverter" */;
			compatibilityVersion = "Xcode 14.0";
			developmentRegion = en;
			hasScannedForEncodings = 0;
			knownRegions = (
				en,
				Base,
			);
			mainGroup = 5886123729F6700700B0C35B;
			productRefGroup = 5886124129F6700700B0C35B /* Products */;
			projectDirPath = "";
			projectRoot = "";
			targets = (
				5886123F29F6700700B0C35B /* CurrencyConverter */,
				5886125829F6700B00B0C35B /* CurrencyConverterTests */,
				5886126229F6700B00B0C35B /* CurrencyConverterUITests */,
			);
		};
/* End PBXProject section */

/* Begin PBXResourcesBuildPhase section */
		5886123E29F6700700B0C35B /* Resources */ = {
			isa = PBXResourcesBuildPhase;
			buildActionMask = 2147483647;
			files = (
				5886125329F6700A00B0C35B /* LaunchScreen.storyboard in Resources */,
				5886125029F6700A00B0C35B /* Assets.xcassets in Resources */,
			);
			runOnlyForDeploymentPostprocessing = 0;
		};
		5886125729F6700B00B0C35B /* Resources */ = {
			isa = PBXResourcesBuildPhase;
			buildActionMask = 2147483647;
			files = (
			);
			runOnlyForDeploymentPostprocessing = 0;
		};
		5886126129F6700B00B0C35B /* Resources */ = {
			isa = PBXResourcesBuildPhase;
			buildActionMask = 2147483647;
			files = (
			);
			runOnlyForDeploymentPostprocessing = 0;
		};
/* End PBXResourcesBuildPhase section */

/* Begin PBXSourcesBuildPhase section */
		5886123C29F6700700B0C35B /* Sources */ = {
			isa = PBXSourcesBuildPhase;
			buildActionMask = 2147483647;
			files = (
				43C7264729FAF3B30068C9A8 /* CurrencyCell.swift in Sources */,
				5886124829F6700700B0C35B /* StartViewController.swift in Sources */,
				43C7263C29FAF3410068C9A8 /* TransformCurrency.swift in Sources */,
				43C7264229FAF36B0068C9A8 /* NetworkManager.swift in Sources */,
				5886128329F7F91600B0C35B /* CurrencyView.swift in Sources */,
				5886124E29F6700700B0C35B /* CurrencyConverter.xcdatamodeld in Sources */,
				43C7263D29FAF3410068C9A8 /* EnumError.swift in Sources */,
				43C7263F29FAF3410068C9A8 /* CurrencyModel.swift in Sources */,
				5886124429F6700700B0C35B /* AppDelegate.swift in Sources */,
				43C7264429FAF3920068C9A8 /* Resources.swift in Sources */,
				43C7264829FAF3B30068C9A8 /* CurrencyViewController.swift in Sources */,
				5886124629F6700700B0C35B /* SceneDelegate.swift in Sources */,
				43C7263E29FAF3410068C9A8 /* ExchangeCurrency.swift in Sources */,
			);
			runOnlyForDeploymentPostprocessing = 0;
		};
		5886125529F6700B00B0C35B /* Sources */ = {
			isa = PBXSourcesBuildPhase;
			buildActionMask = 2147483647;
			files = (
				5886125E29F6700B00B0C35B /* CurrencyConverterTests.swift in Sources */,
			);
			runOnlyForDeploymentPostprocessing = 0;
		};
		5886125F29F6700B00B0C35B /* Sources */ = {
			isa = PBXSourcesBuildPhase;
			buildActionMask = 2147483647;
			files = (
				5886126A29F6700B00B0C35B /* CurrencyConverterUITestsLaunchTests.swift in Sources */,
				5886126829F6700B00B0C35B /* CurrencyConverterUITests.swift in Sources */,
			);
			runOnlyForDeploymentPostprocessing = 0;
		};
/* End PBXSourcesBuildPhase section */

/* Begin PBXTargetDependency section */
		5886125B29F6700B00B0C35B /* PBXTargetDependency */ = {
			isa = PBXTargetDependency;
			target = 5886123F29F6700700B0C35B /* CurrencyConverter */;
			targetProxy = 5886125A29F6700B00B0C35B /* PBXContainerItemProxy */;
		};
		5886126529F6700B00B0C35B /* PBXTargetDependency */ = {
			isa = PBXTargetDependency;
			target = 5886123F29F6700700B0C35B /* CurrencyConverter */;
			targetProxy = 5886126429F6700B00B0C35B /* PBXContainerItemProxy */;
		};
/* End PBXTargetDependency section */

/* Begin PBXVariantGroup section */
		5886125129F6700A00B0C35B /* LaunchScreen.storyboard */ = {
			isa = PBXVariantGroup;
			children = (
				5886125229F6700A00B0C35B /* Base */,
			);
			name = LaunchScreen.storyboard;
			sourceTree = "<group>";
		};
/* End PBXVariantGroup section */

/* Begin XCBuildConfiguration section */
		5886126B29F6700B00B0C35B /* Debug */ = {
			isa = XCBuildConfiguration;
			buildSettings = {
				ALWAYS_SEARCH_USER_PATHS = NO;
				CLANG_ANALYZER_NONNULL = YES;
				CLANG_ANALYZER_NUMBER_OBJECT_CONVERSION = YES_AGGRESSIVE;
				CLANG_CXX_LANGUAGE_STANDARD = "gnu++20";
				CLANG_ENABLE_MODULES = YES;
				CLANG_ENABLE_OBJC_ARC = YES;
				CLANG_ENABLE_OBJC_WEAK = YES;
				CLANG_WARN_BLOCK_CAPTURE_AUTORELEASING = YES;
				CLANG_WARN_BOOL_CONVERSION = YES;
				CLANG_WARN_COMMA = YES;
				CLANG_WARN_CONSTANT_CONVERSION = YES;
				CLANG_WARN_DEPRECATED_OBJC_IMPLEMENTATIONS = YES;
				CLANG_WARN_DIRECT_OBJC_ISA_USAGE = YES_ERROR;
				CLANG_WARN_DOCUMENTATION_COMMENTS = YES;
				CLANG_WARN_EMPTY_BODY = YES;
				CLANG_WARN_ENUM_CONVERSION = YES;
				CLANG_WARN_INFINITE_RECURSION = YES;
				CLANG_WARN_INT_CONVERSION = YES;
				CLANG_WARN_NON_LITERAL_NULL_CONVERSION = YES;
				CLANG_WARN_OBJC_IMPLICIT_RETAIN_SELF = YES;
				CLANG_WARN_OBJC_LITERAL_CONVERSION = YES;
				CLANG_WARN_OBJC_ROOT_CLASS = YES_ERROR;
				CLANG_WARN_QUOTED_INCLUDE_IN_FRAMEWORK_HEADER = YES;
				CLANG_WARN_RANGE_LOOP_ANALYSIS = YES;
				CLANG_WARN_STRICT_PROTOTYPES = YES;
				CLANG_WARN_SUSPICIOUS_MOVE = YES;
				CLANG_WARN_UNGUARDED_AVAILABILITY = YES_AGGRESSIVE;
				CLANG_WARN_UNREACHABLE_CODE = YES;
				CLANG_WARN__DUPLICATE_METHOD_MATCH = YES;
				COPY_PHASE_STRIP = NO;
				DEBUG_INFORMATION_FORMAT = dwarf;
				ENABLE_STRICT_OBJC_MSGSEND = YES;
				ENABLE_TESTABILITY = YES;
				GCC_C_LANGUAGE_STANDARD = gnu11;
				GCC_DYNAMIC_NO_PIC = NO;
				GCC_NO_COMMON_BLOCKS = YES;
				GCC_OPTIMIZATION_LEVEL = 0;
				GCC_PREPROCESSOR_DEFINITIONS = (
					"DEBUG=1",
					"$(inherited)",
				);
				GCC_WARN_64_TO_32_BIT_CONVERSION = YES;
				GCC_WARN_ABOUT_RETURN_TYPE = YES_ERROR;
				GCC_WARN_UNDECLARED_SELECTOR = YES;
				GCC_WARN_UNINITIALIZED_AUTOS = YES_AGGRESSIVE;
				GCC_WARN_UNUSED_FUNCTION = YES;
				GCC_WARN_UNUSED_VARIABLE = YES;
				IPHONEOS_DEPLOYMENT_TARGET = 16.0;
				MTL_ENABLE_DEBUG_INFO = INCLUDE_SOURCE;
				MTL_FAST_MATH = YES;
				ONLY_ACTIVE_ARCH = YES;
				SDKROOT = iphoneos;
				SWIFT_ACTIVE_COMPILATION_CONDITIONS = DEBUG;
				SWIFT_OPTIMIZATION_LEVEL = "-Onone";
			};
			name = Debug;
		};
		5886126C29F6700B00B0C35B /* Release */ = {
			isa = XCBuildConfiguration;
			buildSettings = {
				ALWAYS_SEARCH_USER_PATHS = NO;
				CLANG_ANALYZER_NONNULL = YES;
				CLANG_ANALYZER_NUMBER_OBJECT_CONVERSION = YES_AGGRESSIVE;
				CLANG_CXX_LANGUAGE_STANDARD = "gnu++20";
				CLANG_ENABLE_MODULES = YES;
				CLANG_ENABLE_OBJC_ARC = YES;
				CLANG_ENABLE_OBJC_WEAK = YES;
				CLANG_WARN_BLOCK_CAPTURE_AUTORELEASING = YES;
				CLANG_WARN_BOOL_CONVERSION = YES;
				CLANG_WARN_COMMA = YES;
				CLANG_WARN_CONSTANT_CONVERSION = YES;
				CLANG_WARN_DEPRECATED_OBJC_IMPLEMENTATIONS = YES;
				CLANG_WARN_DIRECT_OBJC_ISA_USAGE = YES_ERROR;
				CLANG_WARN_DOCUMENTATION_COMMENTS = YES;
				CLANG_WARN_EMPTY_BODY = YES;
				CLANG_WARN_ENUM_CONVERSION = YES;
				CLANG_WARN_INFINITE_RECURSION = YES;
				CLANG_WARN_INT_CONVERSION = YES;
				CLANG_WARN_NON_LITERAL_NULL_CONVERSION = YES;
				CLANG_WARN_OBJC_IMPLICIT_RETAIN_SELF = YES;
				CLANG_WARN_OBJC_LITERAL_CONVERSION = YES;
				CLANG_WARN_OBJC_ROOT_CLASS = YES_ERROR;
				CLANG_WARN_QUOTED_INCLUDE_IN_FRAMEWORK_HEADER = YES;
				CLANG_WARN_RANGE_LOOP_ANALYSIS = YES;
				CLANG_WARN_STRICT_PROTOTYPES = YES;
				CLANG_WARN_SUSPICIOUS_MOVE = YES;
				CLANG_WARN_UNGUARDED_AVAILABILITY = YES_AGGRESSIVE;
				CLANG_WARN_UNREACHABLE_CODE = YES;
				CLANG_WARN__DUPLICATE_METHOD_MATCH = YES;
				COPY_PHASE_STRIP = NO;
				DEBUG_INFORMATION_FORMAT = "dwarf-with-dsym";
				ENABLE_NS_ASSERTIONS = NO;
				ENABLE_STRICT_OBJC_MSGSEND = YES;
				GCC_C_LANGUAGE_STANDARD = gnu11;
				GCC_NO_COMMON_BLOCKS = YES;
				GCC_WARN_64_TO_32_BIT_CONVERSION = YES;
				GCC_WARN_ABOUT_RETURN_TYPE = YES_ERROR;
				GCC_WARN_UNDECLARED_SELECTOR = YES;
				GCC_WARN_UNINITIALIZED_AUTOS = YES_AGGRESSIVE;
				GCC_WARN_UNUSED_FUNCTION = YES;
				GCC_WARN_UNUSED_VARIABLE = YES;
				IPHONEOS_DEPLOYMENT_TARGET = 16.0;
				MTL_ENABLE_DEBUG_INFO = NO;
				MTL_FAST_MATH = YES;
				SDKROOT = iphoneos;
				SWIFT_COMPILATION_MODE = wholemodule;
				SWIFT_OPTIMIZATION_LEVEL = "-O";
				VALIDATE_PRODUCT = YES;
			};
			name = Release;
		};
		5886126E29F6700B00B0C35B /* Debug */ = {
			isa = XCBuildConfiguration;
			buildSettings = {
				ASSETCATALOG_COMPILER_APPICON_NAME = AppIcon;
				ASSETCATALOG_COMPILER_GLOBAL_ACCENT_COLOR_NAME = AccentColor;
				CODE_SIGN_STYLE = Automatic;
				CURRENT_PROJECT_VERSION = 1;
				GENERATE_INFOPLIST_FILE = YES;
				INFOPLIST_FILE = CurrencyConverter/Resources/Info.plist;
				INFOPLIST_KEY_UIApplicationSupportsIndirectInputEvents = YES;
				INFOPLIST_KEY_UILaunchStoryboardName = LaunchScreen;
				INFOPLIST_KEY_UIMainStoryboardFile = "";
				INFOPLIST_KEY_UISupportedInterfaceOrientations_iPad = "UIInterfaceOrientationPortrait UIInterfaceOrientationPortraitUpsideDown UIInterfaceOrientationLandscapeLeft UIInterfaceOrientationLandscapeRight";
				INFOPLIST_KEY_UISupportedInterfaceOrientations_iPhone = "UIInterfaceOrientationPortrait UIInterfaceOrientationLandscapeLeft UIInterfaceOrientationLandscapeRight";
				IPHONEOS_DEPLOYMENT_TARGET = 16.0;
				LD_RUNPATH_SEARCH_PATHS = (
					"$(inherited)",
					"@executable_path/Frameworks",
				);
				MARKETING_VERSION = 1.0;
				PRODUCT_BUNDLE_IDENTIFIER = sov.CurrencyConverter;
				PRODUCT_NAME = "$(TARGET_NAME)";
				SWIFT_EMIT_LOC_STRINGS = YES;
				SWIFT_VERSION = 5.0;
				TARGETED_DEVICE_FAMILY = "1,2";
			};
			name = Debug;
		};
		5886126F29F6700B00B0C35B /* Release */ = {
			isa = XCBuildConfiguration;
			buildSettings = {
				ASSETCATALOG_COMPILER_APPICON_NAME = AppIcon;
				ASSETCATALOG_COMPILER_GLOBAL_ACCENT_COLOR_NAME = AccentColor;
				CODE_SIGN_STYLE = Automatic;
				CURRENT_PROJECT_VERSION = 1;
				GENERATE_INFOPLIST_FILE = YES;
				INFOPLIST_FILE = CurrencyConverter/Resources/Info.plist;
				INFOPLIST_KEY_UIApplicationSupportsIndirectInputEvents = YES;
				INFOPLIST_KEY_UILaunchStoryboardName = LaunchScreen;
				INFOPLIST_KEY_UIMainStoryboardFile = "";
				INFOPLIST_KEY_UISupportedInterfaceOrientations_iPad = "UIInterfaceOrientationPortrait UIInterfaceOrientationPortraitUpsideDown UIInterfaceOrientationLandscapeLeft UIInterfaceOrientationLandscapeRight";
				INFOPLIST_KEY_UISupportedInterfaceOrientations_iPhone = "UIInterfaceOrientationPortrait UIInterfaceOrientationLandscapeLeft UIInterfaceOrientationLandscapeRight";
				IPHONEOS_DEPLOYMENT_TARGET = 16.0;
				LD_RUNPATH_SEARCH_PATHS = (
					"$(inherited)",
					"@executable_path/Frameworks",
				);
				MARKETING_VERSION = 1.0;
				PRODUCT_BUNDLE_IDENTIFIER = sov.CurrencyConverter;
				PRODUCT_NAME = "$(TARGET_NAME)";
				SWIFT_EMIT_LOC_STRINGS = YES;
				SWIFT_VERSION = 5.0;
				TARGETED_DEVICE_FAMILY = "1,2";
			};
			name = Release;
		};
		5886127129F6700B00B0C35B /* Debug */ = {
			isa = XCBuildConfiguration;
			buildSettings = {
				ALWAYS_EMBED_SWIFT_STANDARD_LIBRARIES = YES;
				BUNDLE_LOADER = "$(TEST_HOST)";
				CODE_SIGN_STYLE = Automatic;
				CURRENT_PROJECT_VERSION = 1;
				GENERATE_INFOPLIST_FILE = YES;
				IPHONEOS_DEPLOYMENT_TARGET = 16.0;
				MARKETING_VERSION = 1.0;
				PRODUCT_BUNDLE_IDENTIFIER = sov.CurrencyConverterTests;
				PRODUCT_NAME = "$(TARGET_NAME)";
				SWIFT_EMIT_LOC_STRINGS = NO;
				SWIFT_VERSION = 5.0;
				TARGETED_DEVICE_FAMILY = "1,2";
				TEST_HOST = "$(BUILT_PRODUCTS_DIR)/CurrencyConverter.app/$(BUNDLE_EXECUTABLE_FOLDER_PATH)/CurrencyConverter";
			};
			name = Debug;
		};
		5886127229F6700B00B0C35B /* Release */ = {
			isa = XCBuildConfiguration;
			buildSettings = {
				ALWAYS_EMBED_SWIFT_STANDARD_LIBRARIES = YES;
				BUNDLE_LOADER = "$(TEST_HOST)";
				CODE_SIGN_STYLE = Automatic;
				CURRENT_PROJECT_VERSION = 1;
				GENERATE_INFOPLIST_FILE = YES;
				IPHONEOS_DEPLOYMENT_TARGET = 16.0;
				MARKETING_VERSION = 1.0;
				PRODUCT_BUNDLE_IDENTIFIER = sov.CurrencyConverterTests;
				PRODUCT_NAME = "$(TARGET_NAME)";
				SWIFT_EMIT_LOC_STRINGS = NO;
				SWIFT_VERSION = 5.0;
				TARGETED_DEVICE_FAMILY = "1,2";
				TEST_HOST = "$(BUILT_PRODUCTS_DIR)/CurrencyConverter.app/$(BUNDLE_EXECUTABLE_FOLDER_PATH)/CurrencyConverter";
			};
			name = Release;
		};
		5886127429F6700B00B0C35B /* Debug */ = {
			isa = XCBuildConfiguration;
			buildSettings = {
				ALWAYS_EMBED_SWIFT_STANDARD_LIBRARIES = YES;
				CODE_SIGN_STYLE = Automatic;
				CURRENT_PROJECT_VERSION = 1;
				GENERATE_INFOPLIST_FILE = YES;
				MARKETING_VERSION = 1.0;
				PRODUCT_BUNDLE_IDENTIFIER = sov.CurrencyConverterUITests;
				PRODUCT_NAME = "$(TARGET_NAME)";
				SWIFT_EMIT_LOC_STRINGS = NO;
				SWIFT_VERSION = 5.0;
				TARGETED_DEVICE_FAMILY = "1,2";
				TEST_TARGET_NAME = CurrencyConverter;
			};
			name = Debug;
		};
		5886127529F6700B00B0C35B /* Release */ = {
			isa = XCBuildConfiguration;
			buildSettings = {
				ALWAYS_EMBED_SWIFT_STANDARD_LIBRARIES = YES;
				CODE_SIGN_STYLE = Automatic;
				CURRENT_PROJECT_VERSION = 1;
				GENERATE_INFOPLIST_FILE = YES;
				MARKETING_VERSION = 1.0;
				PRODUCT_BUNDLE_IDENTIFIER = sov.CurrencyConverterUITests;
				PRODUCT_NAME = "$(TARGET_NAME)";
				SWIFT_EMIT_LOC_STRINGS = NO;
				SWIFT_VERSION = 5.0;
				TARGETED_DEVICE_FAMILY = "1,2";
				TEST_TARGET_NAME = CurrencyConverter;
			};
			name = Release;
		};
/* End XCBuildConfiguration section */

/* Begin XCConfigurationList section */
		5886123B29F6700700B0C35B /* Build configuration list for PBXProject "CurrencyConverter" */ = {
			isa = XCConfigurationList;
			buildConfigurations = (
				5886126B29F6700B00B0C35B /* Debug */,
				5886126C29F6700B00B0C35B /* Release */,
			);
			defaultConfigurationIsVisible = 0;
			defaultConfigurationName = Release;
		};
		5886126D29F6700B00B0C35B /* Build configuration list for PBXNativeTarget "CurrencyConverter" */ = {
			isa = XCConfigurationList;
			buildConfigurations = (
				5886126E29F6700B00B0C35B /* Debug */,
				5886126F29F6700B00B0C35B /* Release */,
			);
			defaultConfigurationIsVisible = 0;
			defaultConfigurationName = Release;
		};
		5886127029F6700B00B0C35B /* Build configuration list for PBXNativeTarget "CurrencyConverterTests" */ = {
			isa = XCConfigurationList;
			buildConfigurations = (
				5886127129F6700B00B0C35B /* Debug */,
				5886127229F6700B00B0C35B /* Release */,
			);
			defaultConfigurationIsVisible = 0;
			defaultConfigurationName = Release;
		};
		5886127329F6700B00B0C35B /* Build configuration list for PBXNativeTarget "CurrencyConverterUITests" */ = {
			isa = XCConfigurationList;
			buildConfigurations = (
				5886127429F6700B00B0C35B /* Debug */,
				5886127529F6700B00B0C35B /* Release */,
			);
			defaultConfigurationIsVisible = 0;
			defaultConfigurationName = Release;
		};
/* End XCConfigurationList section */

/* Begin XCVersionGroup section */
		5886124C29F6700700B0C35B /* CurrencyConverter.xcdatamodeld */ = {
			isa = XCVersionGroup;
			children = (
				5886124D29F6700700B0C35B /* CurrencyConverter.xcdatamodel */,
			);
			currentVersion = 5886124D29F6700700B0C35B /* CurrencyConverter.xcdatamodel */;
			path = CurrencyConverter.xcdatamodeld;
			sourceTree = "<group>";
			versionGroupType = wrapper.xcdatamodel;
		};
/* End XCVersionGroup section */
	};
	rootObject = 5886123829F6700700B0C35B /* Project object */;
}
